
Microsoft Visual Studio Solution File, Format Version 12.00
# Visual Studio Version 17
VisualStudioVersion = 17.4.33110.190
MinimumVisualStudioVersion = 10.0.40219.1
Project("{FAE04EC0-301F-11D3-BF4B-00C04F79EFBC}") = "MvcKutuphane", "MvcKutuphane\MvcKutuphane.csproj", "{918238D1-92A6-4EC8-86A9-E29BB7E63D7B}"
EndProject
Global
	GlobalSection(SolutionConfigurationPlatforms) = preSolution
		Debug|Any CPU = Debug|Any CPU
		Release|Any CPU = Release|Any CPU
	EndGlobalSection
	GlobalSection(ProjectConfigurationPlatforms) = postSolution
		{918238D1-92A6-4EC8-86A9-E29BB7E63D7B}.Debug|Any CPU.ActiveCfg = Debug|Any CPU
		{918238D1-92A6-4EC8-86A9-E29BB7E63D7B}.Debug|Any CPU.Build.0 = Debug|Any CPU
		{918238D1-92A6-4EC8-86A9-E29BB7E63D7B}.Release|Any CPU.ActiveCfg = Release|Any CPU
		{918238D1-92A6-4EC8-86A9-E29BB7E63D7B}.Release|Any CPU.Build.0 = Release|Any CPU
	EndGlobalSection
	GlobalSection(SolutionProperties) = preSolution
		HideSolutionNode = FALSE
	EndGlobalSection
	GlobalSection(ExtensibilityGlobals) = postSolution
		SolutionGuid = {BA9537EF-CB51-4164-8087-BC79D45E2D61}
	EndGlobalSection
EndGlobal
